
Microsoft Visual Studio Solution File, Format Version 12.00
# Visual Studio Version 16
VisualStudioVersion = 25.0.1704.2
MinimumVisualStudioVersion = 10.0.40219.1
Project("{FAE04EC0-301F-11D3-BF4B-00C04F79EFBC}") = "rest-api-dotnet", "rest-api-dotnet\rest-api-dotnet.csproj", "{14437565-42E3-4981-9B23-8D5A3089AC55}"
EndProject
Global
	GlobalSection(SolutionConfigurationPlatforms) = preSolution
		Debug|Any CPU = Debug|Any CPU
		Release|Any CPU = Release|Any CPU
	EndGlobalSection
	GlobalSection(ProjectConfigurationPlatforms) = postSolution
		{14437565-42E3-4981-9B23-8D5A3089AC55}.Debug|Any CPU.ActiveCfg = Debug|Any CPU
		{14437565-42E3-4981-9B23-8D5A3089AC55}.Debug|Any CPU.Build.0 = Debug|Any CPU
		{14437565-42E3-4981-9B23-8D5A3089AC55}.Release|Any CPU.ActiveCfg = Release|Any CPU
		{14437565-42E3-4981-9B23-8D5A3089AC55}.Release|Any CPU.Build.0 = Release|Any CPU
	EndGlobalSection
	GlobalSection(SolutionProperties) = preSolution
		HideSolutionNode = FALSE
	EndGlobalSection
	GlobalSection(ExtensibilityGlobals) = postSolution
		SolutionGuid = {78CAF31B-8A72-46F0-BC41-42D6536C7D25}
	EndGlobalSection
EndGlobal
